
Microsoft Visual Studio Solution File, Format Version 12.00
# Visual Studio Version 16
VisualStudioVersion = 16.0.31729.503
MinimumVisualStudioVersion = 10.0.40219.1
Project("{FAE04EC0-301F-11D3-BF4B-00C04F79EFBC}") = "Employee", "Employee.csproj", "{E198F76B-A1C3-4F27-81D6-9B8B50621428}"
EndProject
Global
	GlobalSection(SolutionConfigurationPlatforms) = preSolution
		Debug|Any CPU = Debug|Any CPU
		Release|Any CPU = Release|Any CPU
	EndGlobalSection
	GlobalSection(ProjectConfigurationPlatforms) = postSolution
		{E198F76B-A1C3-4F27-81D6-9B8B50621428}.Debug|Any CPU.ActiveCfg = Debug|Any CPU
		{E198F76B-A1C3-4F27-81D6-9B8B50621428}.Debug|Any CPU.Build.0 = Debug|Any CPU
		{E198F76B-A1C3-4F27-81D6-9B8B50621428}.Release|Any CPU.ActiveCfg = Release|Any CPU
		{E198F76B-A1C3-4F27-81D6-9B8B50621428}.Release|Any CPU.Build.0 = Release|Any CPU
	EndGlobalSection
	GlobalSection(SolutionProperties) = preSolution
		HideSolutionNode = FALSE
	EndGlobalSection
	GlobalSection(ExtensibilityGlobals) = postSolution
		SolutionGuid = {53284177-0C9F-4AF8-AFB4-94BAC81C4AC4}
	EndGlobalSection
EndGlobal
